<?xml version="1.0" encoding="utf-8"?>
<Project ToolsVersion="4.0" xmlns="http://schemas.microsoft.com/developer/msbuild/2003">
  <ItemGroup>
    <Filter Include="Source">
      <UniqueIdentifier>{4ba22391-2616-48b9-802e-e3f9411f32d9}</UniqueIdentifier>
    </Filter>
    <Filter Include="Doc">
      <UniqueIdentifier>{379ed920-cb6d-43b5-9991-9939fa9d5c7a}</UniqueIdentifier>
    </Filter>
  </ItemGroup>
  <ItemGroup>
    <ClInclude Include="Source\Brain.h">
      <Filter>Source</Filter>
    </ClInclude>
    <ClInclude Include="Source\Neuron.h">
      <Filter>Source</Filter>
    </ClInclude>
    <ClInclude Include="Source\Synapse.h">
      <Filter>Source</Filter>
    </ClInclude>
    <ClInclude Include="Source\Base.h">
      <Filter>Source</Filter>
    </ClInclude>
    <ClInclude Include="Source\Protocol.prt">
      <Filter>Source</Filter>
    </ClInclude>
    <ClInclude Include="Source\Protocol.h">
      <Filter>Source</Filter>
    </ClInclude>
    <ClInclude Include="Source\NeuronGroupUnion.h">
      <Filter>Source</Filter>
    </ClInclude>
    <ClInclude Include="Source\NeuronGroupUnionW.h">
      <Filter>Source</Filter>
    </ClInclude>
    <ClInclude Include="Source\NeuronGroupUnionD.h">
      <Filter>Source</Filter>
    </ClInclude>
    <ClInclude Include="Source\NeuronGroup.h">
      <Filter>Source</Filter>
    </ClInclude>
    <ClInclude Include="Source\NeuronRecurrent.h">
      <Filter>Source</Filter>
    </ClInclude>
  </ItemGroup>
  <ItemGroup>
    <ClCompile Include="Source\Synapse.cpp">
      <Filter>Source</Filter>
    </ClCompile>
    <ClCompile Include="Source\Neuron.cpp">
      <Filter>Source</Filter>
    </ClCompile>
    <ClCompile Include="Source\Brain.cpp">
      <Filter>Source</Filter>
    </ClCompile>
    <ClCompile Include="Source\NeuronGroupUnion.cpp">
      <Filter>Source</Filter>
    </ClCompile>
    <ClCompile Include="Source\NeuronGroupUnionW.cpp">
      <Filter>Source</Filter>
    </ClCompile>
    <ClCompile Include="Source\NeuronGroupUnionD.cpp">
      <Filter>Source</Filter>
    </ClCompile>
    <ClCompile Include="Source\NeuronGroup.cpp">
      <Filter>Source</Filter>
    </ClCompile>
    <ClCompile Include="Source\NeuronRecurrent.cpp">
      <Filter>Source</Filter>
    </ClCompile>
  </ItemGroup>
  <ItemGroup>
    <Text Include="Doc\Todo.txt">
      <Filter>Doc</Filter>
    </Text>
    <Text Include="Doc\Note.txt">
      <Filter>Doc</Filter>
    </Text>
  </ItemGroup>
</Project>