<?xml version="1.0" encoding="utf-8"?>
<Project ToolsVersion="4.0" xmlns="http://schemas.microsoft.com/developer/msbuild/2003">
  <ItemGroup>
    <Filter Include="Source">
      <UniqueIdentifier>{6a5e5cc9-b119-4560-b911-143f334d367d}</UniqueIdentifier>
    </Filter>
    <Filter Include="Doc">
      <UniqueIdentifier>{8ffc1c51-322a-4368-8134-8dc9a7451919}</UniqueIdentifier>
    </Filter>
  </ItemGroup>
  <ItemGroup>
    <ClInclude Include="Source\Base.h">
      <Filter>Source</Filter>
    </ClInclude>
    <ClInclude Include="Source\Protocol.h">
      <Filter>Source</Filter>
    </ClInclude>
    <ClInclude Include="Source\Protocol.prt">
      <Filter>Source</Filter>
    </ClInclude>
    <ClInclude Include="Source\Indexer.h">
      <Filter>Source</Filter>
    </ClInclude>
    <ClInclude Include="Source\Chart.h">
      <Filter>Source</Filter>
    </ClInclude>
    <ClInclude Include="Source\TickMerge.h">
      <Filter>Source</Filter>
    </ClInclude>
    <ClInclude Include="Source\Strategy.h">
      <Filter>Source</Filter>
    </ClInclude>
    <ClInclude Include="Source\TradeIntensity.h">
      <Filter>Source</Filter>
    </ClInclude>
    <ClInclude Include="Source\VirtualServer.h">
      <Filter>Source</Filter>
    </ClInclude>
    <ClInclude Include="Source\ZigZag.h">
      <Filter>Source</Filter>
    </ClInclude>
  </ItemGroup>
  <ItemGroup>
    <ClCompile Include="Source\Base.cpp">
      <Filter>Source</Filter>
    </ClCompile>
    <ClCompile Include="Source\Indexer.cpp">
      <Filter>Source</Filter>
    </ClCompile>
    <ClCompile Include="Source\Chart.cpp">
      <Filter>Source</Filter>
    </ClCompile>
    <ClCompile Include="Source\TickMerge.cpp">
      <Filter>Source</Filter>
    </ClCompile>
    <ClCompile Include="Source\Strategy.cpp">
      <Filter>Source</Filter>
    </ClCompile>
    <ClCompile Include="Source\TradeIntensity.cpp">
      <Filter>Source</Filter>
    </ClCompile>
    <ClCompile Include="Source\VirtualServer.cpp">
      <Filter>Source</Filter>
    </ClCompile>
    <ClCompile Include="Source\ZigZag.cpp">
      <Filter>Source</Filter>
    </ClCompile>
  </ItemGroup>
  <ItemGroup>
    <Text Include="Doc\Note.txt">
      <Filter>Doc</Filter>
    </Text>
    <Text Include="Doc\Ref.txt">
      <Filter>Doc</Filter>
    </Text>
    <Text Include="Doc\Terms.txt">
      <Filter>Doc</Filter>
    </Text>
  </ItemGroup>
  <ItemGroup>
    <None Include="Doc\AccVol.sql">
      <Filter>Doc</Filter>
    </None>
  </ItemGroup>
</Project>