<?xml version="1.0" encoding="utf-8"?>
<Project ToolsVersion="4.0" xmlns="http://schemas.microsoft.com/developer/msbuild/2003">
  <ItemGroup>
    <Filter Include="Doc">
      <UniqueIdentifier>{b96ad113-3d28-4d97-92d2-7dc03bdfbcc5}</UniqueIdentifier>
    </Filter>
    <Filter Include="Source">
      <UniqueIdentifier>{653e1169-778d-40f9-980b-08a54c9e250e}</UniqueIdentifier>
    </Filter>
  </ItemGroup>
  <ItemGroup>
    <None Include="Doc\Input.h_">
      <Filter>Doc</Filter>
    </None>
    <None Include="Doc\Input.cpp_">
      <Filter>Doc</Filter>
    </None>
    <None Include="Doc\SetCurserPosition.txt">
      <Filter>Doc</Filter>
    </None>
  </ItemGroup>
  <ItemGroup>
    <ClInclude Include="Source\Space.h">
      <Filter>Source</Filter>
    </ClInclude>
    <ClInclude Include="Source\Base.h">
      <Filter>Source</Filter>
    </ClInclude>
    <ClInclude Include="Source\Dice.h">
      <Filter>Source</Filter>
    </ClInclude>
    <ClInclude Include="Source\Dices.h">
      <Filter>Source</Filter>
    </ClInclude>
    <ClInclude Include="Source\SAnalyzer.h">
      <Filter>Source</Filter>
    </ClInclude>
    <ClInclude Include="Source\Task.h">
      <Filter>Source</Filter>
    </ClInclude>
    <ClInclude Include="Source\Input.h">
      <Filter>Source</Filter>
    </ClInclude>
    <ClInclude Include="Source\Reminder.h">
      <Filter>Source</Filter>
    </ClInclude>
    <ClInclude Include="Source\Protocol.h">
      <Filter>Source</Filter>
    </ClInclude>
    <ClInclude Include="Source\Protocol.prt">
      <Filter>Source</Filter>
    </ClInclude>
    <ClInclude Include="Source\NumberToKorean.h">
      <Filter>Source</Filter>
    </ClInclude>
    <ClInclude Include="Source\Rand.h">
      <Filter>Source</Filter>
    </ClInclude>
    <ClInclude Include="Source\RandomGeometry.h">
      <Filter>Source</Filter>
    </ClInclude>
    <ClInclude Include="Source\Random.h">
      <Filter>Source</Filter>
    </ClInclude>
  </ItemGroup>
  <ItemGroup>
    <ClCompile Include="Source\Dice.cpp">
      <Filter>Source</Filter>
    </ClCompile>
    <ClCompile Include="Source\Space.cpp">
      <Filter>Source</Filter>
    </ClCompile>
    <ClCompile Include="Source\Task.cpp">
      <Filter>Source</Filter>
    </ClCompile>
    <ClCompile Include="Source\Input.cpp">
      <Filter>Source</Filter>
    </ClCompile>
    <ClCompile Include="Source\Base.cpp">
      <Filter>Source</Filter>
    </ClCompile>
    <ClCompile Include="Source\Reminder.cpp">
      <Filter>Source</Filter>
    </ClCompile>
    <ClCompile Include="Source\NumberToKorean.cpp">
      <Filter>Source</Filter>
    </ClCompile>
    <ClCompile Include="Source\Rand.cpp">
      <Filter>Source</Filter>
    </ClCompile>
  </ItemGroup>
</Project>