<?xml version="1.0" encoding="utf-8"?>
<Project ToolsVersion="4.0" xmlns="http://schemas.microsoft.com/developer/msbuild/2003">
  <ItemGroup>
    <Filter Include="Source">
      <UniqueIdentifier>{aada10a8-9cac-4907-88fa-e8c2bbae7a7d}</UniqueIdentifier>
    </Filter>
    <Filter Include="Doc">
      <UniqueIdentifier>{3bcad4b5-0b3f-4997-bd57-e8e2494d3617}</UniqueIdentifier>
    </Filter>
  </ItemGroup>
  <ItemGroup>
    <ClInclude Include="Source\Base.h">
      <Filter>Source</Filter>
    </ClInclude>
    <ClInclude Include="Source\Physics.h">
      <Filter>Source</Filter>
    </ClInclude>
    <ClInclude Include="Source\Sight.h">
      <Filter>Source</Filter>
    </ClInclude>
    <ClInclude Include="Source\Protocol.h">
      <Filter>Source</Filter>
    </ClInclude>
    <ClInclude Include="Source\ObjectStraight.h">
      <Filter>Source</Filter>
    </ClInclude>
    <ClInclude Include="Source\Protocol.prt">
      <Filter>Source</Filter>
    </ClInclude>
    <ClInclude Include="Source\Tick.h">
      <Filter>Source</Filter>
    </ClInclude>
    <ClInclude Include="Source\TickScale.h">
      <Filter>Source</Filter>
    </ClInclude>
    <ClInclude Include="Source\CollectionCollider2D.h">
      <Filter>Source</Filter>
    </ClInclude>
    <ClInclude Include="Source\Collider2D.h">
      <Filter>Source</Filter>
    </ClInclude>
    <ClInclude Include="Source\ShuttleObject2D.h">
      <Filter>Source</Filter>
    </ClInclude>
    <ClInclude Include="Source\Engine.h">
      <Filter>Source</Filter>
    </ClInclude>
    <ClInclude Include="Source\MovingObject2D.h">
      <Filter>Source</Filter>
    </ClInclude>
    <ClInclude Include="Source\Object2D.h">
      <Filter>Source</Filter>
    </ClInclude>
    <ClInclude Include="Source\PlayerObject2D.h">
      <Filter>Source</Filter>
    </ClInclude>
    <ClInclude Include="Source\RectCollider2D.h">
      <Filter>Source</Filter>
    </ClInclude>
    <ClInclude Include="Source\ServerEngine.h">
      <Filter>Source</Filter>
    </ClInclude>
  </ItemGroup>
  <ItemGroup>
    <ClCompile Include="Source\Physics.cpp">
      <Filter>Source</Filter>
    </ClCompile>
    <ClCompile Include="Source\ObjectStraight.cpp">
      <Filter>Source</Filter>
    </ClCompile>
    <ClCompile Include="Source\Collider2D.cpp">
      <Filter>Source</Filter>
    </ClCompile>
    <ClCompile Include="Source\CollectionCollider2D.cpp">
      <Filter>Source</Filter>
    </ClCompile>
    <ClCompile Include="Source\ShuttleObject2D.cpp">
      <Filter>Source</Filter>
    </ClCompile>
    <ClCompile Include="Source\Engine.cpp">
      <Filter>Source</Filter>
    </ClCompile>
    <ClCompile Include="Source\MovingObject2D.cpp">
      <Filter>Source</Filter>
    </ClCompile>
    <ClCompile Include="Source\Object2D.cpp">
      <Filter>Source</Filter>
    </ClCompile>
    <ClCompile Include="Source\PlayerObject2D.cpp">
      <Filter>Source</Filter>
    </ClCompile>
    <ClCompile Include="Source\RectCollider2D.cpp">
      <Filter>Source</Filter>
    </ClCompile>
    <ClCompile Include="Source\ServerEngine.cpp">
      <Filter>Source</Filter>
    </ClCompile>
  </ItemGroup>
  <ItemGroup>
    <Text Include="Doc\Info.txt">
      <Filter>Doc</Filter>
    </Text>
    <Text Include="Doc\Move.h.txt">
      <Filter>Doc</Filter>
    </Text>
    <Text Include="Doc\Move.cpp.txt">
      <Filter>Doc</Filter>
    </Text>
    <Text Include="Doc\Sight.txt">
      <Filter>Doc</Filter>
    </Text>
  </ItemGroup>
</Project>