<?xml version="1.0" encoding="utf-8"?>
<Project ToolsVersion="4.0" xmlns="http://schemas.microsoft.com/developer/msbuild/2003">
  <ItemGroup>
    <Filter Include="Doc">
      <UniqueIdentifier>{cc5adadc-801f-4e5b-9f8d-a19da2a228c2}</UniqueIdentifier>
    </Filter>
    <Filter Include="Source">
      <UniqueIdentifier>{d654d7af-58af-4d41-830d-bca0e1f431ae}</UniqueIdentifier>
    </Filter>
  </ItemGroup>
  <ItemGroup>
    <Text Include="Doc\Todo.txt">
      <Filter>Doc</Filter>
    </Text>
  </ItemGroup>
  <ItemGroup>
    <ClInclude Include="Source\Base.h">
      <Filter>Source</Filter>
    </ClInclude>
    <ClInclude Include="Source\NameSpace.h">
      <Filter>Source</Filter>
    </ClInclude>
    <ClInclude Include="Source\Parser.h">
      <Filter>Source</Filter>
    </ClInclude>
    <ClInclude Include="Source\Proto.h">
      <Filter>Source</Filter>
    </ClInclude>
    <ClInclude Include="Source\ProtoBase.h">
      <Filter>Source</Filter>
    </ClInclude>
    <ClInclude Include="Source\ProtoCPP.h">
      <Filter>Source</Filter>
    </ClInclude>
    <ClInclude Include="Source\ProtoCS.h">
      <Filter>Source</Filter>
    </ClInclude>
    <ClInclude Include="Source\ProtoDart.h">
      <Filter>Source</Filter>
    </ClInclude>
  </ItemGroup>
  <ItemGroup>
    <ClCompile Include="Source\NameSpace.cpp">
      <Filter>Source</Filter>
    </ClCompile>
    <ClCompile Include="Source\Parser.cpp">
      <Filter>Source</Filter>
    </ClCompile>
    <ClCompile Include="Source\ProtoBase.cpp">
      <Filter>Source</Filter>
    </ClCompile>
    <ClCompile Include="Source\ProtoCPP.cpp">
      <Filter>Source</Filter>
    </ClCompile>
    <ClCompile Include="Source\ProtoCS.cpp">
      <Filter>Source</Filter>
    </ClCompile>
    <ClCompile Include="Source\ProtoDart.cpp">
      <Filter>Source</Filter>
    </ClCompile>
  </ItemGroup>
</Project>