<?xml version="1.0" encoding="utf-8"?>
<Project ToolsVersion="4.0" xmlns="http://schemas.microsoft.com/developer/msbuild/2003">
  <ItemGroup>
    <Filter Include="Source">
      <UniqueIdentifier>{dcfc3cca-f16d-4876-a1ba-86b80faec99e}</UniqueIdentifier>
    </Filter>
    <Filter Include="Doc">
      <UniqueIdentifier>{c0576f07-a7cb-4b8b-9231-32486affff70}</UniqueIdentifier>
    </Filter>
  </ItemGroup>
  <ItemGroup>
    <ClInclude Include="Source\Base.h">
      <Filter>Source</Filter>
    </ClInclude>
    <ClInclude Include="Source\Protocol.h">
      <Filter>Source</Filter>
    </ClInclude>
    <ClInclude Include="Source\Agent.h">
      <Filter>Source</Filter>
    </ClInclude>
    <ClInclude Include="Source\Client.h">
      <Filter>Source</Filter>
    </ClInclude>
    <ClInclude Include="Source\Server.h">
      <Filter>Source</Filter>
    </ClInclude>
    <ClInclude Include="Source\Protocol.prt">
      <Filter>Source</Filter>
    </ClInclude>
    <ClInclude Include="Source\Proc.h">
      <Filter>Source</Filter>
    </ClInclude>
  </ItemGroup>
  <ItemGroup>
    <ClCompile Include="Source\Agent.cpp">
      <Filter>Source</Filter>
    </ClCompile>
    <ClCompile Include="Source\Client.cpp">
      <Filter>Source</Filter>
    </ClCompile>
    <ClCompile Include="Source\Server.cpp">
      <Filter>Source</Filter>
    </ClCompile>
    <ClCompile Include="Source\Proc.cpp">
      <Filter>Source</Filter>
    </ClCompile>
  </ItemGroup>
  <ItemGroup>
    <Text Include="Doc\Todo.txt">
      <Filter>Doc</Filter>
    </Text>
  </ItemGroup>
</Project>