<?xml version="1.0" encoding="utf-8"?>
<Project ToolsVersion="4.0" xmlns="http://schemas.microsoft.com/developer/msbuild/2003">
  <ItemGroup>
    <Filter Include="Source">
      <UniqueIdentifier>{aada10a8-9cac-4907-88fa-e8c2bbae7a7d}</UniqueIdentifier>
    </Filter>
  </ItemGroup>
  <ItemGroup>
    <ClInclude Include="Source\Base.h">
      <Filter>Source</Filter>
    </ClInclude>
    <ClInclude Include="Source\Data.h">
      <Filter>Source</Filter>
    </ClInclude>
    <ClInclude Include="Source\LoaderFile.h">
      <Filter>Source</Filter>
    </ClInclude>
    <ClInclude Include="Source\LoaderHttp.h">
      <Filter>Source</Filter>
    </ClInclude>
    <ClInclude Include="Source\Loader.h">
      <Filter>Source</Filter>
    </ClInclude>
    <ClInclude Include="Source\CSV.h">
      <Filter>Source</Filter>
    </ClInclude>
    <ClInclude Include="Source\DoubleBuffer.h">
      <Filter>Source</Filter>
    </ClInclude>
  </ItemGroup>
  <ItemGroup>
    <ClCompile Include="Source\LoaderFile.cpp">
      <Filter>Source</Filter>
    </ClCompile>
    <ClCompile Include="Source\LoaderHttp.cpp">
      <Filter>Source</Filter>
    </ClCompile>
    <ClCompile Include="Source\Data.cpp">
      <Filter>Source</Filter>
    </ClCompile>
  </ItemGroup>
</Project>