<?xml version="1.0" encoding="utf-8"?>
<Project ToolsVersion="4.0" xmlns="http://schemas.microsoft.com/developer/msbuild/2003">
  <ItemGroup>
    <Filter Include="Source">
      <UniqueIdentifier>{b2c850db-3872-47a7-9c03-cd3b355fa60b}</UniqueIdentifier>
    </Filter>
  </ItemGroup>
  <ItemGroup>
    <ClInclude Include="Source\Base.h">
      <Filter>Source</Filter>
    </ClInclude>
    <ClInclude Include="Source\Lock.h">
      <Filter>Source</Filter>
    </ClInclude>
    <ClInclude Include="Source\Win.h">
      <Filter>Source</Filter>
    </ClInclude>
    <ClInclude Include="Source\Cmd.h">
      <Filter>Source</Filter>
    </ClInclude>
    <ClInclude Include="Source\CoInitializer.h">
      <Filter>Source</Filter>
    </ClInclude>
    <ClInclude Include="Source\Handler.h">
      <Filter>Source</Filter>
    </ClInclude>
    <ClInclude Include="Source\ConsoleCtrlHandler.h">
      <Filter>Source</Filter>
    </ClInclude>
  </ItemGroup>
  <ItemGroup>
    <ClCompile Include="Source\Lock.cpp">
      <Filter>Source</Filter>
    </ClCompile>
    <ClCompile Include="Source\Win.cpp">
      <Filter>Source</Filter>
    </ClCompile>
    <ClCompile Include="Source\Cmd.cpp">
      <Filter>Source</Filter>
    </ClCompile>
    <ClCompile Include="Source\CoInitializer.cpp">
      <Filter>Source</Filter>
    </ClCompile>
    <ClCompile Include="Source\Handler.cpp">
      <Filter>Source</Filter>
    </ClCompile>
    <ClCompile Include="Source\ConsoleCtrlHandler.cpp">
      <Filter>Source</Filter>
    </ClCompile>
  </ItemGroup>
</Project>